<?xml version="1.0" encoding="utf-8"?>
<Project ToolsVersion="4.0" xmlns="http://schemas.microsoft.com/developer/msbuild/2003">
  <ItemGroup>
    <Text Include="ReadMe.txt" />
  </ItemGroup>
  <ItemGroup>
    <ClInclude Include="BlockVerifierInterface.h" />
    <ClInclude Include="HashBlocks.h" />
    <ClInclude Include="NeoScrypt.h" />
    <ClInclude Include="SHA256_trunc.h" />
  </ItemGroup>
  <ItemGroup>
    <ClCompile Include="NeoScrypt.cpp" />
  </ItemGroup>
</Project>