<?xml version="1.0" encoding="utf-8"?>
<Project ToolsVersion="4.0" xmlns="http://schemas.microsoft.com/developer/msbuild/2003">
  <ItemGroup>
    <Filter Include="Source Files">
      <UniqueIdentifier>{4FC737F1-C7A5-4376-A066-2A32D752A2FF}</UniqueIdentifier>
      <Extensions>cpp;c;cc;cxx;def;odl;idl;hpj;bat;asm;asmx</Extensions>
    </Filter>
    <Filter Include="Header Files">
      <UniqueIdentifier>{93995380-89BD-4b04-88EB-625FBE52EBFB}</UniqueIdentifier>
      <Extensions>h;hpp;hxx;hm;inl;inc;xsd</Extensions>
    </Filter>
    <Filter Include="Resource Files">
      <UniqueIdentifier>{67DA6AB6-F800-4c08-8B7A-83BB121AAD01}</UniqueIdentifier>
      <Extensions>rc;ico;cur;bmp;dlg;rc2;rct;bin;rgs;gif;jpg;jpeg;jpe;resx;tiff;tif;png;wav;mfcribbon-ms</Extensions>
    </Filter>
    <Filter Include="Header Files\Commands">
      <UniqueIdentifier>{82047d60-ca08-4102-ba50-a2c1c0b85ac9}</UniqueIdentifier>
    </Filter>
    <Filter Include="Header Files\Commands\Monitor">
      <UniqueIdentifier>{9027c23b-f23d-4e55-8f9b-1b8253c2cb3c}</UniqueIdentifier>
    </Filter>
    <Filter Include="Header Files\AlgoFactories">
      <UniqueIdentifier>{10749c18-2b41-4e69-8643-1b363bcac4cc}</UniqueIdentifier>
    </Filter>
    <Filter Include="Header Files\AlgoFactories\Implementations">
      <UniqueIdentifier>{834defda-5e60-45ee-a60b-676b02ffdc02}</UniqueIdentifier>
    </Filter>
    <Filter Include="Source Files\AlgoFactories">
      <UniqueIdentifier>{2b59cc02-982c-424f-95b9-b90bd9e8add4}</UniqueIdentifier>
    </Filter>
    <Filter Include="Source Files\AlgoFactories\Implementations">
      <UniqueIdentifier>{4fdf6dd8-3e51-49b2-86cd-47bd392d2c9f}</UniqueIdentifier>
    </Filter>
  </ItemGroup>
  <ItemGroup>
    <ClCompile Include="M8M.cpp">
      <Filter>Source Files</Filter>
    </ClCompile>
    <ClCompile Include="AlgoFactories\Implementations\QubitMultistepOpenCL12.cpp">
      <Filter>Source Files\AlgoFactories\Implementations</Filter>
    </ClCompile>
    <ClCompile Include="AbstractWSServer.cpp">
      <Filter>Source Files</Filter>
    </ClCompile>
  </ItemGroup>
  <ItemGroup>
    <ClInclude Include="AbstractThreadedMiner.h">
      <Filter>Header Files</Filter>
    </ClInclude>
    <ClInclude Include="AlgoFamily.h">
      <Filter>Header Files</Filter>
    </ClInclude>
    <ClInclude Include="AlgoImplementationInterface.h">
      <Filter>Header Files</Filter>
    </ClInclude>
    <ClInclude Include="Connections.h">
      <Filter>Header Files</Filter>
    </ClInclude>
    <ClInclude Include="KnownHardware.h">
      <Filter>Header Files</Filter>
    </ClInclude>
    <ClInclude Include="M8MIcon.h">
      <Filter>Header Files</Filter>
    </ClInclude>
    <ClInclude Include="MinerInterface.h">
      <Filter>Header Files</Filter>
    </ClInclude>
    <ClInclude Include="OpenCL12Wrapper.h">
      <Filter>Header Files</Filter>
    </ClInclude>
    <ClInclude Include="TimedValueStream.h">
      <Filter>Header Files</Filter>
    </ClInclude>
    <ClInclude Include="WebMonitorTracker.h">
      <Filter>Header Files</Filter>
    </ClInclude>
    <ClInclude Include="AbstractAlgoImplementation.h">
      <Filter>Header Files</Filter>
    </ClInclude>
    <ClInclude Include="AbstractMiner.h">
      <Filter>Header Files</Filter>
    </ClInclude>
    <ClInclude Include="commands\AbstractCommand.h">
      <Filter>Header Files\Commands</Filter>
    </ClInclude>
    <ClInclude Include="commands\AbstractStreamingCommand.h">
      <Filter>Header Files\Commands</Filter>
    </ClInclude>
    <ClInclude Include="commands\ExtensionListCMD.h">
      <Filter>Header Files\Commands</Filter>
    </ClInclude>
    <ClInclude Include="commands\ExtensionState.h">
      <Filter>Header Files\Commands</Filter>
    </ClInclude>
    <ClInclude Include="commands\PushInterface.h">
      <Filter>Header Files\Commands</Filter>
    </ClInclude>
    <ClInclude Include="commands\UnsubscribeCMD.h">
      <Filter>Header Files\Commands</Filter>
    </ClInclude>
    <ClInclude Include="commands\UpgradeCMD.h">
      <Filter>Header Files\Commands</Filter>
    </ClInclude>
    <ClInclude Include="commands\VersionCMD.h">
      <Filter>Header Files\Commands</Filter>
    </ClInclude>
    <ClInclude Include="commands\Monitor\AlgoCMD.h">
      <Filter>Header Files\Commands\Monitor</Filter>
    </ClInclude>
    <ClInclude Include="commands\Monitor\ConfigInfoCMD.h">
      <Filter>Header Files\Commands\Monitor</Filter>
    </ClInclude>
    <ClInclude Include="commands\Monitor\DeviceConfigCMD.h">
      <Filter>Header Files\Commands\Monitor</Filter>
    </ClInclude>
    <ClInclude Include="commands\Monitor\DeviceShares.h">
      <Filter>Header Files\Commands\Monitor</Filter>
    </ClInclude>
    <ClInclude Include="commands\Monitor\PoolCMD.h">
      <Filter>Header Files\Commands\Monitor</Filter>
    </ClInclude>
    <ClInclude Include="commands\Monitor\PoolShares.h">
      <Filter>Header Files\Commands\Monitor</Filter>
    </ClInclude>
    <ClInclude Include="commands\Monitor\RejectReasonCMD.h">
      <Filter>Header Files\Commands\Monitor</Filter>
    </ClInclude>
    <ClInclude Include="commands\Monitor\ScanTime.h">
      <Filter>Header Files\Commands\Monitor</Filter>
    </ClInclude>
    <ClInclude Include="commands\Monitor\SystemInfoCMD.h">
      <Filter>Header Files\Commands\Monitor</Filter>
    </ClInclude>
    <ClInclude Include="AlgoFactories\AbstractCLAlgoImplementation.h">
      <Filter>Header Files\AlgoFactories</Filter>
    </ClInclude>
    <ClInclude Include="AlgoFactories\QubitCL12.h">
      <Filter>Header Files\AlgoFactories</Filter>
    </ClInclude>
    <ClInclude Include="AlgoFactories\Implementations\QubitMultistepOpenCL12.h">
      <Filter>Header Files\AlgoFactories\Implementations</Filter>
    </ClInclude>
    <ClInclude Include="AbstractWSServer.h">
      <Filter>Header Files</Filter>
    </ClInclude>
  </ItemGroup>
</Project>