<?xml version="1.0" encoding="utf-8"?>
<Project ToolsVersion="4.0" xmlns="http://schemas.microsoft.com/developer/msbuild/2003">
  <ItemGroup>
    <Filter Include="Resource Files">
      <UniqueIdentifier>{67DA6AB6-F800-4c08-8B7A-83BB121AAD01}</UniqueIdentifier>
      <Extensions>rc;ico;cur;bmp;dlg;rc2;rct;bin;rgs;gif;jpg;jpeg;jpe;resx;tiff;tif;png;wav;mfcribbon-ms</Extensions>
    </Filter>
    <Filter Include="Commands">
      <UniqueIdentifier>{82047d60-ca08-4102-ba50-a2c1c0b85ac9}</UniqueIdentifier>
    </Filter>
    <Filter Include="Commands\Monitor">
      <UniqueIdentifier>{9027c23b-f23d-4e55-8f9b-1b8253c2cb3c}</UniqueIdentifier>
    </Filter>
    <Filter Include="Commands\Admin">
      <UniqueIdentifier>{ab6eedc8-228a-43be-8f57-cc6efab01003}</UniqueIdentifier>
    </Filter>
  </ItemGroup>
  <ItemGroup>
    <ClInclude Include="commands\AbstractCommand.h">
      <Filter>Commands</Filter>
    </ClInclude>
    <ClInclude Include="commands\AbstractStreamingCommand.h">
      <Filter>Commands</Filter>
    </ClInclude>
    <ClInclude Include="commands\ExtensionListCMD.h">
      <Filter>Commands</Filter>
    </ClInclude>
    <ClInclude Include="commands\ExtensionState.h">
      <Filter>Commands</Filter>
    </ClInclude>
    <ClInclude Include="commands\PushInterface.h">
      <Filter>Commands</Filter>
    </ClInclude>
    <ClInclude Include="commands\UnsubscribeCMD.h">
      <Filter>Commands</Filter>
    </ClInclude>
    <ClInclude Include="commands\UpgradeCMD.h">
      <Filter>Commands</Filter>
    </ClInclude>
    <ClInclude Include="commands\VersionCMD.h">
      <Filter>Commands</Filter>
    </ClInclude>
    <ClInclude Include="commands\Monitor\ConfigInfoCMD.h">
      <Filter>Commands\Monitor</Filter>
    </ClInclude>
    <ClInclude Include="commands\Monitor\DeviceShares.h">
      <Filter>Commands\Monitor</Filter>
    </ClInclude>
    <ClInclude Include="commands\Monitor\PoolCMD.h">
      <Filter>Commands\Monitor</Filter>
    </ClInclude>
    <ClInclude Include="commands\Monitor\RejectReasonCMD.h">
      <Filter>Commands\Monitor</Filter>
    </ClInclude>
    <ClInclude Include="commands\Monitor\ScanTime.h">
      <Filter>Commands\Monitor</Filter>
    </ClInclude>
    <ClInclude Include="commands\Monitor\SystemInfoCMD.h">
      <Filter>Commands\Monitor</Filter>
    </ClInclude>
    <ClInclude Include="commands\Monitor\UptimeCMD.h">
      <Filter>Commands\Monitor</Filter>
    </ClInclude>
    <ClInclude Include="commands\Admin\GetRawConfigCMD.h">
      <Filter>Commands\Admin</Filter>
    </ClInclude>
    <ClInclude Include="commands\Admin\ReloadCMD.h">
      <Filter>Commands\Admin</Filter>
    </ClInclude>
    <ClInclude Include="commands\Admin\SaveRawConfigCMD.h">
      <Filter>Commands\Admin</Filter>
    </ClInclude>
    <ClInclude Include="commands\Admin\ConfigFileCMD.h">
      <Filter>Commands\Admin</Filter>
    </ClInclude>
    <ClInclude Include="AbstractAlgorithm.h" />
    <ClInclude Include="AbstractNonceFindersBuild.h" />
    <ClInclude Include="AbstractSpecialValuesProvider.h" />
    <ClInclude Include="AbstractWSServer.h" />
    <ClInclude Include="AlgoMiner.h" />
    <ClInclude Include="clAlgoFactories.h" />
    <ClInclude Include="IconCompositer.h" />
    <ClInclude Include="KnownConstantsProvider.h" />
    <ClInclude Include="KnownHardware.h" />
    <ClInclude Include="M8MIcon.h" />
    <ClInclude Include="MiningPerformanceWatcher.h" />
    <ClInclude Include="NonceFindersInterface.h" />
    <ClInclude Include="NonceStructs.h" />
    <ClInclude Include="resource.h" />
    <ClInclude Include="StartParams.h" />
    <ClInclude Include="StopWaitDispatcher.h" />
    <ClInclude Include="ThreadedNonceFinders.h" />
    <ClInclude Include="commands\Monitor\AlgosCMD.h">
      <Filter>Commands\Monitor</Filter>
    </ClInclude>
    <ClInclude Include="commands\Monitor\PoolStats.h">
      <Filter>Commands\Monitor</Filter>
    </ClInclude>
    <ClInclude Include="AlgoImplUserTracker.h" />
    <ClInclude Include="AlgoSourcesLoader.h" />
    <ClInclude Include="DataDrivenAlgoFactory.h" />
    <ClInclude Include="DataDrivenAlgorithm.h" />
    <ClInclude Include="M8MConfiguredApp.h" />
    <ClInclude Include="M8MIconApp.h" />
    <ClInclude Include="M8MMiningApp.h" />
    <ClInclude Include="M8MMinerTrackingApp.h" />
    <ClInclude Include="M8MPoolConnectingApp.h" />
    <ClInclude Include="M8MPoolMonitoringApp.h" />
    <ClInclude Include="M8MWebServingApp.h" />
  </ItemGroup>
  <ItemGroup>
    <ResourceCompile Include="Resource.rc">
      <Filter>Resource Files</Filter>
    </ResourceCompile>
  </ItemGroup>
  <ItemGroup>
    <Image Include="..\linkIcon.ico">
      <Filter>Resource Files</Filter>
    </Image>
  </ItemGroup>
  <ItemGroup>
    <ClCompile Include="AbstractAlgorithm.cpp" />
    <ClCompile Include="AbstractWSServer.cpp" />
    <ClCompile Include="M8M.cpp" />
    <ClCompile Include="M8MPoolConnectingApp.cpp" />
    <ClCompile Include="M8MPoolMonitoringApp.cpp" />
    <ClCompile Include="M8MWebServingApp.cpp" />
    <ClCompile Include="M8MMiningApp.cpp" />
    <ClCompile Include="AlgoSourcesLoader.cpp" />
    <ClCompile Include="DataDrivenAlgoFactory.cpp" />
  </ItemGroup>
</Project>